
Microsoft Visual Studio Solution File, Format Version 12.00
# Visual Studio Version 17
VisualStudioVersion = 17.0.31903.59
MinimumVisualStudioVersion = 10.0.40219.1
Project("{FAE04EC0-301F-11D3-BF4B-00C04F79EFBC}") = "AGE.SignatureHub.Domain", "AGE.SignatureHub.Domain\AGE.SignatureHub.Domain.csproj", "{52553637-145E-4CA9-B5FD-3E15B09AA78B}"
EndProject
Project("{FAE04EC0-301F-11D3-BF4B-00C04F79EFBC}") = "AGE.SignatureHub.Application", "AGE.SignatureHub.Application\AGE.SignatureHub.Application.csproj", "{77B09BAF-7338-4912-8788-5B2F9DA48A16}"
EndProject
Project("{FAE04EC0-301F-11D3-BF4B-00C04F79EFBC}") = "AGE.SignatureHub.Infrastructure", "AGE.SignatureHub.Infrastructure\AGE.SignatureHub.Infrastructure.csproj", "{868F58AA-E1E6-426D-BACC-AF56EEF08618}"
EndProject
Project("{FAE04EC0-301F-11D3-BF4B-00C04F79EFBC}") = "AGE.SignatureHub.API", "AGE.SignatureHub.API\AGE.SignatureHub.API.csproj", "{467FA82E-FCBD-4E43-B8A4-1C838CC36951}"
EndProject
Global
	GlobalSection(SolutionConfigurationPlatforms) = preSolution
		Debug|Any CPU = Debug|Any CPU
		Debug|x64 = Debug|x64
		Debug|x86 = Debug|x86
		Release|Any CPU = Release|Any CPU
		Release|x64 = Release|x64
		Release|x86 = Release|x86
	EndGlobalSection
	GlobalSection(ProjectConfigurationPlatforms) = postSolution
		{52553637-145E-4CA9-B5FD-3E15B09AA78B}.Debug|Any CPU.ActiveCfg = Debug|Any CPU
		{52553637-145E-4CA9-B5FD-3E15B09AA78B}.Debug|Any CPU.Build.0 = Debug|Any CPU
		{52553637-145E-4CA9-B5FD-3E15B09AA78B}.Debug|x64.ActiveCfg = Debug|Any CPU
		{52553637-145E-4CA9-B5FD-3E15B09AA78B}.Debug|x64.Build.0 = Debug|Any CPU
		{52553637-145E-4CA9-B5FD-3E15B09AA78B}.Debug|x86.ActiveCfg = Debug|Any CPU
		{52553637-145E-4CA9-B5FD-3E15B09AA78B}.Debug|x86.Build.0 = Debug|Any CPU
		{52553637-145E-4CA9-B5FD-3E15B09AA78B}.Release|Any CPU.ActiveCfg = Release|Any CPU
		{52553637-145E-4CA9-B5FD-3E15B09AA78B}.Release|Any CPU.Build.0 = Release|Any CPU
		{52553637-145E-4CA9-B5FD-3E15B09AA78B}.Release|x64.ActiveCfg = Release|Any CPU
		{52553637-145E-4CA9-B5FD-3E15B09AA78B}.Release|x64.Build.0 = Release|Any CPU
		{52553637-145E-4CA9-B5FD-3E15B09AA78B}.Release|x86.ActiveCfg = Release|Any CPU
		{52553637-145E-4CA9-B5FD-3E15B09AA78B}.Release|x86.Build.0 = Release|Any CPU
		{77B09BAF-7338-4912-8788-5B2F9DA48A16}.Debug|Any CPU.ActiveCfg = Debug|Any CPU
		{77B09BAF-7338-4912-8788-5B2F9DA48A16}.Debug|Any CPU.Build.0 = Debug|Any CPU
		{77B09BAF-7338-4912-8788-5B2F9DA48A16}.Debug|x64.ActiveCfg = Debug|Any CPU
		{77B09BAF-7338-4912-8788-5B2F9DA48A16}.Debug|x64.Build.0 = Debug|Any CPU
		{77B09BAF-7338-4912-8788-5B2F9DA48A16}.Debug|x86.ActiveCfg = Debug|Any CPU
		{77B09BAF-7338-4912-8788-5B2F9DA48A16}.Debug|x86.Build.0 = Debug|Any CPU
		{77B09BAF-7338-4912-8788-5B2F9DA48A16}.Release|Any CPU.ActiveCfg = Release|Any CPU
		{77B09BAF-7338-4912-8788-5B2F9DA48A16}.Release|Any CPU.Build.0 = Release|Any CPU
		{77B09BAF-7338-4912-8788-5B2F9DA48A16}.Release|x64.ActiveCfg = Release|Any CPU
		{77B09BAF-7338-4912-8788-5B2F9DA48A16}.Release|x64.Build.0 = Release|Any CPU
		{77B09BAF-7338-4912-8788-5B2F9DA48A16}.Release|x86.ActiveCfg = Release|Any CPU
		{77B09BAF-7338-4912-8788-5B2F9DA48A16}.Release|x86.Build.0 = Release|Any CPU
		{868F58AA-E1E6-426D-BACC-AF56EEF08618}.Debug|Any CPU.ActiveCfg = Debug|Any CPU
		{868F58AA-E1E6-426D-BACC-AF56EEF08618}.Debug|Any CPU.Build.0 = Debug|Any CPU
		{868F58AA-E1E6-426D-BACC-AF56EEF08618}.Debug|x64.ActiveCfg = Debug|Any CPU
		{868F58AA-E1E6-426D-BACC-AF56EEF08618}.Debug|x64.Build.0 = Debug|Any CPU
		{868F58AA-E1E6-426D-BACC-AF56EEF08618}.Debug|x86.ActiveCfg = Debug|Any CPU
		{868F58AA-E1E6-426D-BACC-AF56EEF08618}.Debug|x86.Build.0 = Debug|Any CPU
		{868F58AA-E1E6-426D-BACC-AF56EEF08618}.Release|Any CPU.ActiveCfg = Release|Any CPU
		{868F58AA-E1E6-426D-BACC-AF56EEF08618}.Release|Any CPU.Build.0 = Release|Any CPU
		{868F58AA-E1E6-426D-BACC-AF56EEF08618}.Release|x64.ActiveCfg = Release|Any CPU
		{868F58AA-E1E6-426D-BACC-AF56EEF08618}.Release|x64.Build.0 = Release|Any CPU
		{868F58AA-E1E6-426D-BACC-AF56EEF08618}.Release|x86.ActiveCfg = Release|Any CPU
		{868F58AA-E1E6-426D-BACC-AF56EEF08618}.Release|x86.Build.0 = Release|Any CPU
		{467FA82E-FCBD-4E43-B8A4-1C838CC36951}.Debug|Any CPU.ActiveCfg = Debug|Any CPU
		{467FA82E-FCBD-4E43-B8A4-1C838CC36951}.Debug|Any CPU.Build.0 = Debug|Any CPU
		{467FA82E-FCBD-4E43-B8A4-1C838CC36951}.Debug|x64.ActiveCfg = Debug|Any CPU
		{467FA82E-FCBD-4E43-B8A4-1C838CC36951}.Debug|x64.Build.0 = Debug|Any CPU
		{467FA82E-FCBD-4E43-B8A4-1C838CC36951}.Debug|x86.ActiveCfg = Debug|Any CPU
		{467FA82E-FCBD-4E43-B8A4-1C838CC36951}.Debug|x86.Build.0 = Debug|Any CPU
		{467FA82E-FCBD-4E43-B8A4-1C838CC36951}.Release|Any CPU.ActiveCfg = Release|Any CPU
		{467FA82E-FCBD-4E43-B8A4-1C838CC36951}.Release|Any CPU.Build.0 = Release|Any CPU
		{467FA82E-FCBD-4E43-B8A4-1C838CC36951}.Release|x64.ActiveCfg = Release|Any CPU
		{467FA82E-FCBD-4E43-B8A4-1C838CC36951}.Release|x64.Build.0 = Release|Any CPU
		{467FA82E-FCBD-4E43-B8A4-1C838CC36951}.Release|x86.ActiveCfg = Release|Any CPU
		{467FA82E-FCBD-4E43-B8A4-1C838CC36951}.Release|x86.Build.0 = Release|Any CPU
	EndGlobalSection
	GlobalSection(SolutionProperties) = preSolution
		HideSolutionNode = FALSE
	EndGlobalSection
EndGlobal
